
Microsoft Visual Studio Solution File, Format Version 12.00
# Visual Studio Version 17
VisualStudioVersion = 17.5.002.0
MinimumVisualStudioVersion = 10.0.40219.1
Project("{9A19103F-16F7-4668-BE54-9A1E7A4F7556}") = "TrilhaApiDesafio", "TrilhaApiDesafio.csproj", "{1DC10D3B-F2F7-4D9F-982B-EB46B29F2B9B}"
EndProject
Global
	GlobalSection(SolutionConfigurationPlatforms) = preSolution
		Debug|Any CPU = Debug|Any CPU
		Release|Any CPU = Release|Any CPU
	EndGlobalSection
	GlobalSection(ProjectConfigurationPlatforms) = postSolution
		{1DC10D3B-F2F7-4D9F-982B-EB46B29F2B9B}.Debug|Any CPU.ActiveCfg = Debug|Any CPU
		{1DC10D3B-F2F7-4D9F-982B-EB46B29F2B9B}.Debug|Any CPU.Build.0 = Debug|Any CPU
		{1DC10D3B-F2F7-4D9F-982B-EB46B29F2B9B}.Release|Any CPU.ActiveCfg = Release|Any CPU
		{1DC10D3B-F2F7-4D9F-982B-EB46B29F2B9B}.Release|Any CPU.Build.0 = Release|Any CPU
	EndGlobalSection
	GlobalSection(SolutionProperties) = preSolution
		HideSolutionNode = FALSE
	EndGlobalSection
	GlobalSection(ExtensibilityGlobals) = postSolution
		SolutionGuid = {3C3FC3CF-298F-4789-A4EB-16F344A84C57}
	EndGlobalSection
EndGlobal
